{
  "nodes": {
    "nixpkgs": {
      "locked": {
        "lastModified": 1791031588,
        "narHash": "sha256-/FGDr01siZ8txrVzkOz6CYjiz0XR27JuVJP+aWchi4s=",
        "ref": "nixos-26.05",
        "rev": "825e2028c29b702a4a5f085f08095d12099784f2",
        "shallow": true,
        "type": "git",
        "url": "https://github.com/NixOS/nixpkgs"
      },
      "original": {
        "ref": "nixos-26.05",
        "shallow": true,
        "type": "git",
        "url": "https://github.com/NixOS/nixpkgs"
      }
    },
    "root": {
      "inputs": {
        "nixpkgs": "nixpkgs",
        "rust-overlay": "rust-overlay"
      }
    },
    "rust-overlay": {
      "inputs": {
        "nixpkgs": [
          "nixpkgs"
        ]
      },
      "locked": {
        "lastModified": 1791101754,
        "narHash": "sha256-y/GF+9B0t0TZ0nQiSRMqDXpr76yT7sdDbS/3GNLhzkE=",
        "ref": "master",
        "rev": "dbc715a4b7c0ace63b9769a032d1dd34cd89e5bd",
        "shallow": true,
        "type": "git",
        "url": "https://github.com/oxalica/rust-overlay"
      },
      "original": {
        "ref": "master",
        "shallow": true,
        "type": "git",
        "url": "https://github.com/oxalica/rust-overlay"
      }
    }
  },
  "root": "root",
  "version": 7
}
